// !$*UTF8*$!
{
	archiveVersion = 1;
	classes = {
	};
	objectVersion = 56;
	objects = {

/* Begin PBXBuildFile section */
		606DE01829E3216C00AED6AA /* AppDelegate.swift in Sources */ = {isa = PBXBuildFile; fileRef = 606DE01729E3216C00AED6AA /* AppDelegate.swift */; };
		606DE01A29E3216C00AED6AA /* SceneDelegate.swift in Sources */ = {isa = PBXBuildFile; fileRef = 606DE01929E3216C00AED6AA /* SceneDelegate.swift */; };
		606DE01C29E3216C00AED6AA /* ViewController.swift in Sources */ = {isa = PBXBuildFile; fileRef = 606DE01B29E3216C00AED6AA /* ViewController.swift */; };
		606DE02129E3216E00AED6AA /* Assets.xcassets in Resources */ = {isa = PBXBuildFile; fileRef = 606DE02029E3216E00AED6AA /* Assets.xcassets */; };
		606DE02429E3216E00AED6AA /* LaunchScreen.storyboard in Resources */ = {isa = PBXBuildFile; fileRef = 606DE02229E3216E00AED6AA /* LaunchScreen.storyboard */; };
		606DE02E29E329BB00AED6AA /* ArticlesViewController.swift in Sources */ = {isa = PBXBuildFile; fileRef = 606DE02D29E329BB00AED6AA /* ArticlesViewController.swift */; };
		606DE03129E329D800AED6AA /* SnapKit in Frameworks */ = {isa = PBXBuildFile; productRef = 606DE03029E329D800AED6AA /* SnapKit */; };
		606DE03329E32A6800AED6AA /* ArticlesPresenter.swift in Sources */ = {isa = PBXBuildFile; fileRef = 606DE03229E32A6800AED6AA /* ArticlesPresenter.swift */; };
		606DE03529E32C2C00AED6AA /* ArticlesInteractor.swift in Sources */ = {isa = PBXBuildFile; fileRef = 606DE03429E32C2C00AED6AA /* ArticlesInteractor.swift */; };
		606DE03729E3490800AED6AA /* ArticleCellModel.swift in Sources */ = {isa = PBXBuildFile; fileRef = 606DE03629E3490800AED6AA /* ArticleCellModel.swift */; };
		606DE03929E3497C00AED6AA /* ArticleBackendModel.swift in Sources */ = {isa = PBXBuildFile; fileRef = 606DE03829E3497C00AED6AA /* ArticleBackendModel.swift */; };
/* End PBXBuildFile section */

/* Begin PBXFileReference section */
		606DE01429E3216C00AED6AA /* clean swift vip.app */ = {isa = PBXFileReference; explicitFileType = wrapper.application; includeInIndex = 0; path = "clean swift vip.app"; sourceTree = BUILT_PRODUCTS_DIR; };
		606DE01729E3216C00AED6AA /* AppDelegate.swift */ = {isa = PBXFileReference; lastKnownFileType = sourcecode.swift; path = AppDelegate.swift; sourceTree = "<group>"; };
		606DE01929E3216C00AED6AA /* SceneDelegate.swift */ = {isa = PBXFileReference; lastKnownFileType = sourcecode.swift; path = SceneDelegate.swift; sourceTree = "<group>"; };
		606DE01B29E3216C00AED6AA /* ViewController.swift */ = {isa = PBXFileReference; lastKnownFileType = sourcecode.swift; path = ViewController.swift; sourceTree = "<group>"; };
		606DE02029E3216E00AED6AA /* Assets.xcassets */ = {isa = PBXFileReference; lastKnownFileType = folder.assetcatalog; path = Assets.xcassets; sourceTree = "<group>"; };
		606DE02329E3216E00AED6AA /* Base */ = {isa = PBXFileReference; lastKnownFileType = file.storyboard; name = Base; path = Base.lproj/LaunchScreen.storyboard; sourceTree = "<group>"; };
		606DE02529E3216E00AED6AA /* Info.plist */ = {isa = PBXFileReference; lastKnownFileType = text.plist.xml; path = Info.plist; sourceTree = "<group>"; };
		606DE02D29E329BB00AED6AA /* ArticlesViewController.swift */ = {isa = PBXFileReference; lastKnownFileType = sourcecode.swift; path = ArticlesViewController.swift; sourceTree = "<group>"; };
		606DE03229E32A6800AED6AA /* ArticlesPresenter.swift */ = {isa = PBXFileReference; lastKnownFileType = sourcecode.swift; path = ArticlesPresenter.swift; sourceTree = "<group>"; };
		606DE03429E32C2C00AED6AA /* ArticlesInteractor.swift */ = {isa = PBXFileReference; lastKnownFileType = sourcecode.swift; path = ArticlesInteractor.swift; sourceTree = "<group>"; };
		606DE03629E3490800AED6AA /* ArticleCellModel.swift */ = {isa = PBXFileReference; lastKnownFileType = sourcecode.swift; path = ArticleCellModel.swift; sourceTree = "<group>"; };
		606DE03829E3497C00AED6AA /* ArticleBackendModel.swift */ = {isa = PBXFileReference; lastKnownFileType = sourcecode.swift; path = ArticleBackendModel.swift; sourceTree = "<group>"; };
/* End PBXFileReference section */

/* Begin PBXFrameworksBuildPhase section */
		606DE01129E3216C00AED6AA /* Frameworks */ = {
			isa = PBXFrameworksBuildPhase;
			buildActionMask = 2147483647;
			files = (
				606DE03129E329D800AED6AA /* SnapKit in Frameworks */,
			);
			runOnlyForDeploymentPostprocessing = 0;
		};
/* End PBXFrameworksBuildPhase section */

/* Begin PBXGroup section */
		606DE00B29E3216C00AED6AA = {
			isa = PBXGroup;
			children = (
				606DE01629E3216C00AED6AA /* clean swift vip */,
				606DE01529E3216C00AED6AA /* Products */,
			);
			sourceTree = "<group>";
		};
		606DE01529E3216C00AED6AA /* Products */ = {
			isa = PBXGroup;
			children = (
				606DE01429E3216C00AED6AA /* clean swift vip.app */,
			);
			name = Products;
			sourceTree = "<group>";
		};
		606DE01629E3216C00AED6AA /* clean swift vip */ = {
			isa = PBXGroup;
			children = (
				606DE02B29E3272F00AED6AA /* Screens */,
				606DE01729E3216C00AED6AA /* AppDelegate.swift */,
				606DE01929E3216C00AED6AA /* SceneDelegate.swift */,
				606DE01B29E3216C00AED6AA /* ViewController.swift */,
				606DE02029E3216E00AED6AA /* Assets.xcassets */,
				606DE02229E3216E00AED6AA /* LaunchScreen.storyboard */,
				606DE02529E3216E00AED6AA /* Info.plist */,
			);
			path = "clean swift vip";
			sourceTree = "<group>";
		};
		606DE02B29E3272F00AED6AA /* Screens */ = {
			isa = PBXGroup;
			children = (
				606DE02C29E3273700AED6AA /* Articles */,
			);
			path = Screens;
			sourceTree = "<group>";
		};
		606DE02C29E3273700AED6AA /* Articles */ = {
			isa = PBXGroup;
			children = (
				606DE02D29E329BB00AED6AA /* ArticlesViewController.swift */,
				606DE03229E32A6800AED6AA /* ArticlesPresenter.swift */,
				606DE03429E32C2C00AED6AA /* ArticlesInteractor.swift */,
				606DE03629E3490800AED6AA /* ArticleCellModel.swift */,
				606DE03829E3497C00AED6AA /* ArticleBackendModel.swift */,
			);
			path = Articles;
			sourceTree = "<group>";
		};
/* End PBXGroup section */

/* Begin PBXNativeTarget section */
		606DE01329E3216C00AED6AA /* clean swift vip */ = {
			isa = PBXNativeTarget;
			buildConfigurationList = 606DE02829E3216E00AED6AA /* Build configuration list for PBXNativeTarget "clean swift vip" */;
			buildPhases = (
				606DE01029E3216C00AED6AA /* Sources */,
				606DE01129E3216C00AED6AA /* Frameworks */,
				606DE01229E3216C00AED6AA /* Resources */,
			);
			buildRules = (
			);
			dependencies = (
			);
			name = "clean swift vip";
			packageProductDependencies = (
				606DE03029E329D800AED6AA /* SnapKit */,
			);
			productName = "clean swift vip";
			productReference = 606DE01429E3216C00AED6AA /* clean swift vip.app */;
			productType = "com.apple.product-type.application";
		};
/* End PBXNativeTarget section */

/* Begin PBXProject section */
		606DE00C29E3216C00AED6AA /* Project object */ = {
			isa = PBXProject;
			attributes = {
				BuildIndependentTargetsInParallel = 1;
				LastSwiftUpdateCheck = 1400;
				LastUpgradeCheck = 1400;
				TargetAttributes = {
					606DE01329E3216C00AED6AA = {
						CreatedOnToolsVersion = 14.0.1;
					};
				};
			};
			buildConfigurationList = 606DE00F29E3216C00AED6AA /* Build configuration list for PBXProject "clean swift vip" */;
			compatibilityVersion = "Xcode 14.0";
			developmentRegion = en;
			hasScannedForEncodings = 0;
			knownRegions = (
				en,
				Base,
			);
			mainGroup = 606DE00B29E3216C00AED6AA;
			packageReferences = (
				606DE02F29E329D800AED6AA /* XCRemoteSwiftPackageReference "SnapKit" */,
			);
			productRefGroup = 606DE01529E3216C00AED6AA /* Products */;
			projectDirPath = "";
			projectRoot = "";
			targets = (
				606DE01329E3216C00AED6AA /* clean swift vip */,
			);
		};
/* End PBXProject section */

/* Begin PBXResourcesBuildPhase section */
		606DE01229E3216C00AED6AA /* Resources */ = {
			isa = PBXResourcesBuildPhase;
			buildActionMask = 2147483647;
			files = (
				606DE02429E3216E00AED6AA /* LaunchScreen.storyboard in Resources */,
				606DE02129E3216E00AED6AA /* Assets.xcassets in Resources */,
			);
			runOnlyForDeploymentPostprocessing = 0;
		};
/* End PBXResourcesBuildPhase section */

/* Begin PBXSourcesBuildPhase section */
		606DE01029E3216C00AED6AA /* Sources */ = {
			isa = PBXSourcesBuildPhase;
			buildActionMask = 2147483647;
			files = (
				606DE03729E3490800AED6AA /* ArticleCellModel.swift in Sources */,
				606DE03929E3497C00AED6AA /* ArticleBackendModel.swift in Sources */,
				606DE01C29E3216C00AED6AA /* ViewController.swift in Sources */,
				606DE02E29E329BB00AED6AA /* ArticlesViewController.swift in Sources */,
				606DE01829E3216C00AED6AA /* AppDelegate.swift in Sources */,
				606DE03529E32C2C00AED6AA /* ArticlesInteractor.swift in Sources */,
				606DE01A29E3216C00AED6AA /* SceneDelegate.swift in Sources */,
				606DE03329E32A6800AED6AA /* ArticlesPresenter.swift in Sources */,
			);
			runOnlyForDeploymentPostprocessing = 0;
		};
/* End PBXSourcesBuildPhase section */

/* Begin PBXVariantGroup section */
		606DE02229E3216E00AED6AA /* LaunchScreen.storyboard */ = {
			isa = PBXVariantGroup;
			children = (
				606DE02329E3216E00AED6AA /* Base */,
			);
			name = LaunchScreen.storyboard;
			sourceTree = "<group>";
		};
/* End PBXVariantGroup section */

/* Begin XCBuildConfiguration section */
		606DE02629E3216E00AED6AA /* Debug */ = {
			isa = XCBuildConfiguration;
			buildSettings = {
				ALWAYS_SEARCH_USER_PATHS = NO;
				CLANG_ANALYZER_NONNULL = YES;
				CLANG_ANALYZER_NUMBER_OBJECT_CONVERSION = YES_AGGRESSIVE;
				CLANG_CXX_LANGUAGE_STANDARD = "gnu++20";
				CLANG_ENABLE_MODULES = YES;
				CLANG_ENABLE_OBJC_ARC = YES;
				CLANG_ENABLE_OBJC_WEAK = YES;
				CLANG_WARN_BLOCK_CAPTURE_AUTORELEASING = YES;
				CLANG_WARN_BOOL_CONVERSION = YES;
				CLANG_WARN_COMMA = YES;
				CLANG_WARN_CONSTANT_CONVERSION = YES;
				CLANG_WARN_DEPRECATED_OBJC_IMPLEMENTATIONS = YES;
				CLANG_WARN_DIRECT_OBJC_ISA_USAGE = YES_ERROR;
				CLANG_WARN_DOCUMENTATION_COMMENTS = YES;
				CLANG_WARN_EMPTY_BODY = YES;
				CLANG_WARN_ENUM_CONVERSION = YES;
				CLANG_WARN_INFINITE_RECURSION = YES;
				CLANG_WARN_INT_CONVERSION = YES;
				CLANG_WARN_NON_LITERAL_NULL_CONVERSION = YES;
				CLANG_WARN_OBJC_IMPLICIT_RETAIN_SELF = YES;
				CLANG_WARN_OBJC_LITERAL_CONVERSION = YES;
				CLANG_WARN_OBJC_ROOT_CLASS = YES_ERROR;
				CLANG_WARN_QUOTED_INCLUDE_IN_FRAMEWORK_HEADER = YES;
				CLANG_WARN_RANGE_LOOP_ANALYSIS = YES;
				CLANG_WARN_STRICT_PROTOTYPES = YES;
				CLANG_WARN_SUSPICIOUS_MOVE = YES;
				CLANG_WARN_UNGUARDED_AVAILABILITY = YES_AGGRESSIVE;
				CLANG_WARN_UNREACHABLE_CODE = YES;
				CLANG_WARN__DUPLICATE_METHOD_MATCH = YES;
				COPY_PHASE_STRIP = NO;
				DEBUG_INFORMATION_FORMAT = dwarf;
				ENABLE_STRICT_OBJC_MSGSEND = YES;
				ENABLE_TESTABILITY = YES;
				GCC_C_LANGUAGE_STANDARD = gnu11;
				GCC_DYNAMIC_NO_PIC = NO;
				GCC_NO_COMMON_BLOCKS = YES;
				GCC_OPTIMIZATION_LEVEL = 0;
				GCC_PREPROCESSOR_DEFINITIONS = (
					"DEBUG=1",
					"$(inherited)",
				);
				GCC_WARN_64_TO_32_BIT_CONVERSION = YES;
				GCC_WARN_ABOUT_RETURN_TYPE = YES_ERROR;
				GCC_WARN_UNDECLARED_SELECTOR = YES;
				GCC_WARN_UNINITIALIZED_AUTOS = YES_AGGRESSIVE;
				GCC_WARN_UNUSED_FUNCTION = YES;
				GCC_WARN_UNUSED_VARIABLE = YES;
				IPHONEOS_DEPLOYMENT_TARGET = 16.0;
				MTL_ENABLE_DEBUG_INFO = INCLUDE_SOURCE;
				MTL_FAST_MATH = YES;
				ONLY_ACTIVE_ARCH = YES;
				SDKROOT = iphoneos;
				SWIFT_ACTIVE_COMPILATION_CONDITIONS = DEBUG;
				SWIFT_OPTIMIZATION_LEVEL = "-Onone";
			};
			name = Debug;
		};
		606DE02729E3216E00AED6AA /* Release */ = {
			isa = XCBuildConfiguration;
			buildSettings = {
				ALWAYS_SEARCH_USER_PATHS = NO;
				CLANG_ANALYZER_NONNULL = YES;
				CLANG_ANALYZER_NUMBER_OBJECT_CONVERSION = YES_AGGRESSIVE;
				CLANG_CXX_LANGUAGE_STANDARD = "gnu++20";
				CLANG_ENABLE_MODULES = YES;
				CLANG_ENABLE_OBJC_ARC = YES;
				CLANG_ENABLE_OBJC_WEAK = YES;
				CLANG_WARN_BLOCK_CAPTURE_AUTORELEASING = YES;
				CLANG_WARN_BOOL_CONVERSION = YES;
				CLANG_WARN_COMMA = YES;
				CLANG_WARN_CONSTANT_CONVERSION = YES;
				CLANG_WARN_DEPRECATED_OBJC_IMPLEMENTATIONS = YES;
				CLANG_WARN_DIRECT_OBJC_ISA_USAGE = YES_ERROR;
				CLANG_WARN_DOCUMENTATION_COMMENTS = YES;
				CLANG_WARN_EMPTY_BODY = YES;
				CLANG_WARN_ENUM_CONVERSION = YES;
				CLANG_WARN_INFINITE_RECURSION = YES;
				CLANG_WARN_INT_CONVERSION = YES;
				CLANG_WARN_NON_LITERAL_NULL_CONVERSION = YES;
				CLANG_WARN_OBJC_IMPLICIT_RETAIN_SELF = YES;
				CLANG_WARN_OBJC_LITERAL_CONVERSION = YES;
				CLANG_WARN_OBJC_ROOT_CLASS = YES_ERROR;
				CLANG_WARN_QUOTED_INCLUDE_IN_FRAMEWORK_HEADER = YES;
				CLANG_WARN_RANGE_LOOP_ANALYSIS = YES;
				CLANG_WARN_STRICT_PROTOTYPES = YES;
				CLANG_WARN_SUSPICIOUS_MOVE = YES;
				CLANG_WARN_UNGUARDED_AVAILABILITY = YES_AGGRESSIVE;
				CLANG_WARN_UNREACHABLE_CODE = YES;
				CLANG_WARN__DUPLICATE_METHOD_MATCH = YES;
				COPY_PHASE_STRIP = NO;
				DEBUG_INFORMATION_FORMAT = "dwarf-with-dsym";
				ENABLE_NS_ASSERTIONS = NO;
				ENABLE_STRICT_OBJC_MSGSEND = YES;
				GCC_C_LANGUAGE_STANDARD = gnu11;
				GCC_NO_COMMON_BLOCKS = YES;
				GCC_WARN_64_TO_32_BIT_CONVERSION = YES;
				GCC_WARN_ABOUT_RETURN_TYPE = YES_ERROR;
				GCC_WARN_UNDECLARED_SELECTOR = YES;
				GCC_WARN_UNINITIALIZED_AUTOS = YES_AGGRESSIVE;
				GCC_WARN_UNUSED_FUNCTION = YES;
				GCC_WARN_UNUSED_VARIABLE = YES;
				IPHONEOS_DEPLOYMENT_TARGET = 16.0;
				MTL_ENABLE_DEBUG_INFO = NO;
				MTL_FAST_MATH = YES;
				SDKROOT = iphoneos;
				SWIFT_COMPILATION_MODE = wholemodule;
				SWIFT_OPTIMIZATION_LEVEL = "-O";
				VALIDATE_PRODUCT = YES;
			};
			name = Release;
		};
		606DE02929E3216E00AED6AA /* Debug */ = {
			isa = XCBuildConfiguration;
			buildSettings = {
				ASSETCATALOG_COMPILER_APPICON_NAME = AppIcon;
				ASSETCATALOG_COMPILER_GLOBAL_ACCENT_COLOR_NAME = AccentColor;
				CODE_SIGN_STYLE = Automatic;
				CURRENT_PROJECT_VERSION = 1;
				DEVELOPMENT_TEAM = 6YX8RWQNTP;
				GENERATE_INFOPLIST_FILE = YES;
				INFOPLIST_FILE = "clean swift vip/Info.plist";
				INFOPLIST_KEY_UIApplicationSupportsIndirectInputEvents = YES;
				INFOPLIST_KEY_UILaunchStoryboardName = LaunchScreen;
				INFOPLIST_KEY_UISupportedInterfaceOrientations_iPad = "UIInterfaceOrientationPortrait UIInterfaceOrientationPortraitUpsideDown UIInterfaceOrientationLandscapeLeft UIInterfaceOrientationLandscapeRight";
				INFOPLIST_KEY_UISupportedInterfaceOrientations_iPhone = "UIInterfaceOrientationPortrait UIInterfaceOrientationLandscapeLeft UIInterfaceOrientationLandscapeRight";
				LD_RUNPATH_SEARCH_PATHS = (
					"$(inherited)",
					"@executable_path/Frameworks",
				);
				MARKETING_VERSION = 1.0;
				PRODUCT_BUNDLE_IDENTIFIER = "adlet.zhan.clean-swift-vip";
				PRODUCT_NAME = "$(TARGET_NAME)";
				SWIFT_EMIT_LOC_STRINGS = YES;
				SWIFT_VERSION = 5.0;
				TARGETED_DEVICE_FAMILY = "1,2";
			};
			name = Debug;
		};
		606DE02A29E3216E00AED6AA /* Release */ = {
			isa = XCBuildConfiguration;
			buildSettings = {
				ASSETCATALOG_COMPILER_APPICON_NAME = AppIcon;
				ASSETCATALOG_COMPILER_GLOBAL_ACCENT_COLOR_NAME = AccentColor;
				CODE_SIGN_STYLE = Automatic;
				CURRENT_PROJECT_VERSION = 1;
				DEVELOPMENT_TEAM = 6YX8RWQNTP;
				GENERATE_INFOPLIST_FILE = YES;
				INFOPLIST_FILE = "clean swift vip/Info.plist";
				INFOPLIST_KEY_UIApplicationSupportsIndirectInputEvents = YES;
				INFOPLIST_KEY_UILaunchStoryboardName = LaunchScreen;
				INFOPLIST_KEY_UISupportedInterfaceOrientations_iPad = "UIInterfaceOrientationPortrait UIInterfaceOrientationPortraitUpsideDown UIInterfaceOrientationLandscapeLeft UIInterfaceOrientationLandscapeRight";
				INFOPLIST_KEY_UISupportedInterfaceOrientations_iPhone = "UIInterfaceOrientationPortrait UIInterfaceOrientationLandscapeLeft UIInterfaceOrientationLandscapeRight";
				LD_RUNPATH_SEARCH_PATHS = (
					"$(inherited)",
					"@executable_path/Frameworks",
				);
				MARKETING_VERSION = 1.0;
				PRODUCT_BUNDLE_IDENTIFIER = "adlet.zhan.clean-swift-vip";
				PRODUCT_NAME = "$(TARGET_NAME)";
				SWIFT_EMIT_LOC_STRINGS = YES;
				SWIFT_VERSION = 5.0;
				TARGETED_DEVICE_FAMILY = "1,2";
			};
			name = Release;
		};
/* End XCBuildConfiguration section */

/* Begin XCConfigurationList section */
		606DE00F29E3216C00AED6AA /* Build configuration list for PBXProject "clean swift vip" */ = {
			isa = XCConfigurationList;
			buildConfigurations = (
				606DE02629E3216E00AED6AA /* Debug */,
				606DE02729E3216E00AED6AA /* Release */,
			);
			defaultConfigurationIsVisible = 0;
			defaultConfigurationName = Release;
		};
		606DE02829E3216E00AED6AA /* Build configuration list for PBXNativeTarget "clean swift vip" */ = {
			isa = XCConfigurationList;
			buildConfigurations = (
				606DE02929E3216E00AED6AA /* Debug */,
				606DE02A29E3216E00AED6AA /* Release */,
			);
			defaultConfigurationIsVisible = 0;
			defaultConfigurationName = Release;
		};
/* End XCConfigurationList section */

/* Begin XCRemoteSwiftPackageReference section */
		606DE02F29E329D800AED6AA /* XCRemoteSwiftPackageReference "SnapKit" */ = {
			isa = XCRemoteSwiftPackageReference;
			repositoryURL = "https://github.com/SnapKit/SnapKit.git";
			requirement = {
				branch = develop;
				kind = branch;
			};
		};
/* End XCRemoteSwiftPackageReference section */

/* Begin XCSwiftPackageProductDependency section */
		606DE03029E329D800AED6AA /* SnapKit */ = {
			isa = XCSwiftPackageProductDependency;
			package = 606DE02F29E329D800AED6AA /* XCRemoteSwiftPackageReference "SnapKit" */;
			productName = SnapKit;
		};
/* End XCSwiftPackageProductDependency section */
	};
	rootObject = 606DE00C29E3216C00AED6AA /* Project object */;
}
